
Microsoft Visual Studio Solution File, Format Version 12.00
# Visual Studio Version 16
VisualStudioVersion = 16.0.31515.178
MinimumVisualStudioVersion = 10.0.40219.1
Project("{888888A0-9F3D-457C-B088-3A5042F75D52}") = "StringsAndDates", "StringsAndDates.pyproj", "{59D0E15C-3FCC-4F50-B9ED-F9F97BC8CE10}"
EndProject
Global
	GlobalSection(SolutionConfigurationPlatforms) = preSolution
		Debug|Any CPU = Debug|Any CPU
		Release|Any CPU = Release|Any CPU
	EndGlobalSection
	GlobalSection(ProjectConfigurationPlatforms) = postSolution
		{59D0E15C-3FCC-4F50-B9ED-F9F97BC8CE10}.Debug|Any CPU.ActiveCfg = Debug|Any CPU
		{59D0E15C-3FCC-4F50-B9ED-F9F97BC8CE10}.Release|Any CPU.ActiveCfg = Release|Any CPU
	EndGlobalSection
	GlobalSection(SolutionProperties) = preSolution
		HideSolutionNode = FALSE
	EndGlobalSection
	GlobalSection(ExtensibilityGlobals) = postSolution
		SolutionGuid = {2685D1C0-7B3E-4017-B5BA-5853BC396025}
	EndGlobalSection
EndGlobal
